
Microsoft Visual Studio Solution File, Format Version 12.00
# Visual Studio Version 17
VisualStudioVersion = 17.9.34701.34
MinimumVisualStudioVersion = 10.0.40219.1
Project("{FAE04EC0-301F-11D3-BF4B-00C04F79EFBC}") = "HW_ASP_2", "HW_ASP_2.csproj", "{2BC9FC88-2F27-4F05-89CC-0A8A4EE7AFD3}"
EndProject
Global
	GlobalSection(SolutionConfigurationPlatforms) = preSolution
		Debug|Any CPU = Debug|Any CPU
		Release|Any CPU = Release|Any CPU
	EndGlobalSection
	GlobalSection(ProjectConfigurationPlatforms) = postSolution
		{2BC9FC88-2F27-4F05-89CC-0A8A4EE7AFD3}.Debug|Any CPU.ActiveCfg = Debug|Any CPU
		{2BC9FC88-2F27-4F05-89CC-0A8A4EE7AFD3}.Debug|Any CPU.Build.0 = Debug|Any CPU
		{2BC9FC88-2F27-4F05-89CC-0A8A4EE7AFD3}.Release|Any CPU.ActiveCfg = Release|Any CPU
		{2BC9FC88-2F27-4F05-89CC-0A8A4EE7AFD3}.Release|Any CPU.Build.0 = Release|Any CPU
	EndGlobalSection
	GlobalSection(SolutionProperties) = preSolution
		HideSolutionNode = FALSE
	EndGlobalSection
	GlobalSection(ExtensibilityGlobals) = postSolution
		SolutionGuid = {ADF5848E-7AC6-42D7-89AD-E04FDC1F56A5}
	EndGlobalSection
EndGlobal
